
Microsoft Visual Studio Solution File, Format Version 12.00
# Visual Studio Version 17
VisualStudioVersion = 17.0.31919.166
MinimumVisualStudioVersion = 10.0.40219.1
Project("{9A19103F-16F7-4668-BE54-9A1E7A4F7556}") = "ZombieBar", "ZombieBar\ZombieBar.csproj", "{9D976354-1F87-415C-9AB1-5DC50350CBFC}"
EndProject
Project("{2150E333-8FDC-42A3-9474-1A3956D46DE8}") = "ManagedShell", "ManagedShell", "{456C3C5D-1196-4D5E-87B9-01D168B8C52A}"
EndProject
Project("{9A19103F-16F7-4668-BE54-9A1E7A4F7556}") = "ManagedShell.Interop", "ManagedShell\ManagedShell.Interop\ManagedShell.Interop.csproj", "{7A5FAEDC-CB59-4366-8C9A-2DF9F1E1ED7E}"
EndProject
Project("{9A19103F-16F7-4668-BE54-9A1E7A4F7556}") = "ManagedShell.Common", "ManagedShell\ManagedShell.Common\ManagedShell.Common.csproj", "{03D35FBE-3A2F-41A2-AE32-12667680BA72}"
EndProject
Project("{9A19103F-16F7-4668-BE54-9A1E7A4F7556}") = "ManagedShell.ShellFolders", "ManagedShell\ManagedShell.ShellFolders\ManagedShell.ShellFolders.csproj", "{3129062A-3B0B-44B9-8AB5-05766FD2D17D}"
EndProject
Project("{9A19103F-16F7-4668-BE54-9A1E7A4F7556}") = "ManagedShell.UWPInterop", "ManagedShell\ManagedShell.UWPInterop\ManagedShell.UWPInterop.csproj", "{0647C5B0-E2E5-4B6F-AACB-46B438BB6C35}"
EndProject
Project("{9A19103F-16F7-4668-BE54-9A1E7A4F7556}") = "ManagedShell.WindowsTasks", "ManagedShell\ManagedShell.WindowsTasks\ManagedShell.WindowsTasks.csproj", "{E290D86D-9D5F-4E29-86B7-547007BFBF76}"
EndProject
Project("{9A19103F-16F7-4668-BE54-9A1E7A4F7556}") = "ManagedShell.WindowsTray", "ManagedShell\ManagedShell.WindowsTray\ManagedShell.WindowsTray.csproj", "{EB12D9C8-28E9-492E-875A-82269958CA74}"
EndProject
Project("{9A19103F-16F7-4668-BE54-9A1E7A4F7556}") = "ManagedShell.AppBar", "ManagedShell\ManagedShell.AppBar\ManagedShell.AppBar.csproj", "{45D6B994-BA98-4920-82F8-AAE4581CEB2C}"
EndProject
Project("{9A19103F-16F7-4668-BE54-9A1E7A4F7556}") = "ManagedShell", "ManagedShell\ManagedShell\ManagedShell.csproj", "{D6C97DB4-F2EF-41D5-BBEB-D14289649424}"
EndProject
Project("{2150E333-8FDC-42A3-9474-1A3956D46DE8}") = "Libs", "Libs", "{993E3CF1-5553-4D80-A86B-C12A3B6EC937}"
EndProject
Project("{FAE04EC0-301F-11D3-BF4B-00C04F79EFBC}") = "Ssz.Utils.Wpf", "Ssz.Utils.Wpf\Ssz.Utils.Wpf.csproj", "{2D8B3FC8-993E-C656-439F-E4FEF5234A73}"
EndProject
Project("{2150E333-8FDC-42A3-9474-1A3956D46DE8}") = "Solution Items", "Solution Items", "{8EC462FD-D22E-90A8-E5CE-7E832BA40C5D}"
	ProjectSection(SolutionItems) = preProject
		!Info.txt = !Info.txt
	EndProjectSection
EndProject
Project("{C7167F0D-BC9F-4E6E-AFE1-012C56B48DB5}") = "WindowsApplicationPackaging", "WindowsApplicationPackaging\WindowsApplicationPackaging.wapproj", "{3FD1EC6F-D7D0-43A7-A74A-66F06318CAF4}"
EndProject
Global
	GlobalSection(SolutionConfigurationPlatforms) = preSolution
		Debug|Any CPU = Debug|Any CPU
		Debug|ARM = Debug|ARM
		Debug|ARM64 = Debug|ARM64
		Debug|x64 = Debug|x64
		Debug|x86 = Debug|x86
		Release|Any CPU = Release|Any CPU
		Release|ARM = Release|ARM
		Release|ARM64 = Release|ARM64
		Release|x64 = Release|x64
		Release|x86 = Release|x86
	EndGlobalSection
	GlobalSection(ProjectConfigurationPlatforms) = postSolution
		{9D976354-1F87-415C-9AB1-5DC50350CBFC}.Debug|Any CPU.ActiveCfg = Debug|Any CPU
		{9D976354-1F87-415C-9AB1-5DC50350CBFC}.Debug|Any CPU.Build.0 = Debug|Any CPU
		{9D976354-1F87-415C-9AB1-5DC50350CBFC}.Debug|ARM.ActiveCfg = Debug|Any CPU
		{9D976354-1F87-415C-9AB1-5DC50350CBFC}.Debug|ARM.Build.0 = Debug|Any CPU
		{9D976354-1F87-415C-9AB1-5DC50350CBFC}.Debug|ARM64.ActiveCfg = Debug|Any CPU
		{9D976354-1F87-415C-9AB1-5DC50350CBFC}.Debug|ARM64.Build.0 = Debug|Any CPU
		{9D976354-1F87-415C-9AB1-5DC50350CBFC}.Debug|x64.ActiveCfg = Debug|Any CPU
		{9D976354-1F87-415C-9AB1-5DC50350CBFC}.Debug|x64.Build.0 = Debug|Any CPU
		{9D976354-1F87-415C-9AB1-5DC50350CBFC}.Debug|x86.ActiveCfg = Debug|Any CPU
		{9D976354-1F87-415C-9AB1-5DC50350CBFC}.Debug|x86.Build.0 = Debug|Any CPU
		{9D976354-1F87-415C-9AB1-5DC50350CBFC}.Release|Any CPU.ActiveCfg = Release|Any CPU
		{9D976354-1F87-415C-9AB1-5DC50350CBFC}.Release|Any CPU.Build.0 = Release|Any CPU
		{9D976354-1F87-415C-9AB1-5DC50350CBFC}.Release|ARM.ActiveCfg = Release|Any CPU
		{9D976354-1F87-415C-9AB1-5DC50350CBFC}.Release|ARM.Build.0 = Release|Any CPU
		{9D976354-1F87-415C-9AB1-5DC50350CBFC}.Release|ARM64.ActiveCfg = Release|Any CPU
		{9D976354-1F87-415C-9AB1-5DC50350CBFC}.Release|ARM64.Build.0 = Release|Any CPU
		{9D976354-1F87-415C-9AB1-5DC50350CBFC}.Release|x64.ActiveCfg = Release|Any CPU
		{9D976354-1F87-415C-9AB1-5DC50350CBFC}.Release|x64.Build.0 = Release|Any CPU
		{9D976354-1F87-415C-9AB1-5DC50350CBFC}.Release|x86.ActiveCfg = Release|Any CPU
		{9D976354-1F87-415C-9AB1-5DC50350CBFC}.Release|x86.Build.0 = Release|Any CPU
		{7A5FAEDC-CB59-4366-8C9A-2DF9F1E1ED7E}.Debug|Any CPU.ActiveCfg = Debug|Any CPU
		{7A5FAEDC-CB59-4366-8C9A-2DF9F1E1ED7E}.Debug|Any CPU.Build.0 = Debug|Any CPU
		{7A5FAEDC-CB59-4366-8C9A-2DF9F1E1ED7E}.Debug|ARM.ActiveCfg = Debug|Any CPU
		{7A5FAEDC-CB59-4366-8C9A-2DF9F1E1ED7E}.Debug|ARM.Build.0 = Debug|Any CPU
		{7A5FAEDC-CB59-4366-8C9A-2DF9F1E1ED7E}.Debug|ARM64.ActiveCfg = Debug|Any CPU
		{7A5FAEDC-CB59-4366-8C9A-2DF9F1E1ED7E}.Debug|ARM64.Build.0 = Debug|Any CPU
		{7A5FAEDC-CB59-4366-8C9A-2DF9F1E1ED7E}.Debug|x64.ActiveCfg = Debug|Any CPU
		{7A5FAEDC-CB59-4366-8C9A-2DF9F1E1ED7E}.Debug|x64.Build.0 = Debug|Any CPU
		{7A5FAEDC-CB59-4366-8C9A-2DF9F1E1ED7E}.Debug|x86.ActiveCfg = Debug|Any CPU
		{7A5FAEDC-CB59-4366-8C9A-2DF9F1E1ED7E}.Debug|x86.Build.0 = Debug|Any CPU
		{7A5FAEDC-CB59-4366-8C9A-2DF9F1E1ED7E}.Release|Any CPU.ActiveCfg = Release|Any CPU
		{7A5FAEDC-CB59-4366-8C9A-2DF9F1E1ED7E}.Release|Any CPU.Build.0 = Release|Any CPU
		{7A5FAEDC-CB59-4366-8C9A-2DF9F1E1ED7E}.Release|ARM.ActiveCfg = Release|Any CPU
		{7A5FAEDC-CB59-4366-8C9A-2DF9F1E1ED7E}.Release|ARM.Build.0 = Release|Any CPU
		{7A5FAEDC-CB59-4366-8C9A-2DF9F1E1ED7E}.Release|ARM64.ActiveCfg = Release|Any CPU
		{7A5FAEDC-CB59-4366-8C9A-2DF9F1E1ED7E}.Release|ARM64.Build.0 = Release|Any CPU
		{7A5FAEDC-CB59-4366-8C9A-2DF9F1E1ED7E}.Release|x64.ActiveCfg = Release|Any CPU
		{7A5FAEDC-CB59-4366-8C9A-2DF9F1E1ED7E}.Release|x64.Build.0 = Release|Any CPU
		{7A5FAEDC-CB59-4366-8C9A-2DF9F1E1ED7E}.Release|x86.ActiveCfg = Release|Any CPU
		{7A5FAEDC-CB59-4366-8C9A-2DF9F1E1ED7E}.Release|x86.Build.0 = Release|Any CPU
		{03D35FBE-3A2F-41A2-AE32-12667680BA72}.Debug|Any CPU.ActiveCfg = Debug|Any CPU
		{03D35FBE-3A2F-41A2-AE32-12667680BA72}.Debug|Any CPU.Build.0 = Debug|Any CPU
		{03D35FBE-3A2F-41A2-AE32-12667680BA72}.Debug|ARM.ActiveCfg = Debug|Any CPU
		{03D35FBE-3A2F-41A2-AE32-12667680BA72}.Debug|ARM.Build.0 = Debug|Any CPU
		{03D35FBE-3A2F-41A2-AE32-12667680BA72}.Debug|ARM64.ActiveCfg = Debug|Any CPU
		{03D35FBE-3A2F-41A2-AE32-12667680BA72}.Debug|ARM64.Build.0 = Debug|Any CPU
		{03D35FBE-3A2F-41A2-AE32-12667680BA72}.Debug|x64.ActiveCfg = Debug|Any CPU
		{03D35FBE-3A2F-41A2-AE32-12667680BA72}.Debug|x64.Build.0 = Debug|Any CPU
		{03D35FBE-3A2F-41A2-AE32-12667680BA72}.Debug|x86.ActiveCfg = Debug|Any CPU
		{03D35FBE-3A2F-41A2-AE32-12667680BA72}.Debug|x86.Build.0 = Debug|Any CPU
		{03D35FBE-3A2F-41A2-AE32-12667680BA72}.Release|Any CPU.ActiveCfg = Release|Any CPU
		{03D35FBE-3A2F-41A2-AE32-12667680BA72}.Release|Any CPU.Build.0 = Release|Any CPU
		{03D35FBE-3A2F-41A2-AE32-12667680BA72}.Release|ARM.ActiveCfg = Release|Any CPU
		{03D35FBE-3A2F-41A2-AE32-12667680BA72}.Release|ARM.Build.0 = Release|Any CPU
		{03D35FBE-3A2F-41A2-AE32-12667680BA72}.Release|ARM64.ActiveCfg = Release|Any CPU
		{03D35FBE-3A2F-41A2-AE32-12667680BA72}.Release|ARM64.Build.0 = Release|Any CPU
		{03D35FBE-3A2F-41A2-AE32-12667680BA72}.Release|x64.ActiveCfg = Release|Any CPU
		{03D35FBE-3A2F-41A2-AE32-12667680BA72}.Release|x64.Build.0 = Release|Any CPU
		{03D35FBE-3A2F-41A2-AE32-12667680BA72}.Release|x86.ActiveCfg = Release|Any CPU
		{03D35FBE-3A2F-41A2-AE32-12667680BA72}.Release|x86.Build.0 = Release|Any CPU
		{3129062A-3B0B-44B9-8AB5-05766FD2D17D}.Debug|Any CPU.ActiveCfg = Debug|Any CPU
		{3129062A-3B0B-44B9-8AB5-05766FD2D17D}.Debug|Any CPU.Build.0 = Debug|Any CPU
		{3129062A-3B0B-44B9-8AB5-05766FD2D17D}.Debug|ARM.ActiveCfg = Debug|Any CPU
		{3129062A-3B0B-44B9-8AB5-05766FD2D17D}.Debug|ARM.Build.0 = Debug|Any CPU
		{3129062A-3B0B-44B9-8AB5-05766FD2D17D}.Debug|ARM64.ActiveCfg = Debug|Any CPU
		{3129062A-3B0B-44B9-8AB5-05766FD2D17D}.Debug|ARM64.Build.0 = Debug|Any CPU
		{3129062A-3B0B-44B9-8AB5-05766FD2D17D}.Debug|x64.ActiveCfg = Debug|Any CPU
		{3129062A-3B0B-44B9-8AB5-05766FD2D17D}.Debug|x64.Build.0 = Debug|Any CPU
		{3129062A-3B0B-44B9-8AB5-05766FD2D17D}.Debug|x86.ActiveCfg = Debug|Any CPU
		{3129062A-3B0B-44B9-8AB5-05766FD2D17D}.Debug|x86.Build.0 = Debug|Any CPU
		{3129062A-3B0B-44B9-8AB5-05766FD2D17D}.Release|Any CPU.ActiveCfg = Release|Any CPU
		{3129062A-3B0B-44B9-8AB5-05766FD2D17D}.Release|Any CPU.Build.0 = Release|Any CPU
		{3129062A-3B0B-44B9-8AB5-05766FD2D17D}.Release|ARM.ActiveCfg = Release|Any CPU
		{3129062A-3B0B-44B9-8AB5-05766FD2D17D}.Release|ARM.Build.0 = Release|Any CPU
		{3129062A-3B0B-44B9-8AB5-05766FD2D17D}.Release|ARM64.ActiveCfg = Release|Any CPU
		{3129062A-3B0B-44B9-8AB5-05766FD2D17D}.Release|ARM64.Build.0 = Release|Any CPU
		{3129062A-3B0B-44B9-8AB5-05766FD2D17D}.Release|x64.ActiveCfg = Release|Any CPU
		{3129062A-3B0B-44B9-8AB5-05766FD2D17D}.Release|x64.Build.0 = Release|Any CPU
		{3129062A-3B0B-44B9-8AB5-05766FD2D17D}.Release|x86.ActiveCfg = Release|Any CPU
		{3129062A-3B0B-44B9-8AB5-05766FD2D17D}.Release|x86.Build.0 = Release|Any CPU
		{0647C5B0-E2E5-4B6F-AACB-46B438BB6C35}.Debug|Any CPU.ActiveCfg = Debug|Any CPU
		{0647C5B0-E2E5-4B6F-AACB-46B438BB6C35}.Debug|Any CPU.Build.0 = Debug|Any CPU
		{0647C5B0-E2E5-4B6F-AACB-46B438BB6C35}.Debug|ARM.ActiveCfg = Debug|Any CPU
		{0647C5B0-E2E5-4B6F-AACB-46B438BB6C35}.Debug|ARM.Build.0 = Debug|Any CPU
		{0647C5B0-E2E5-4B6F-AACB-46B438BB6C35}.Debug|ARM64.ActiveCfg = Debug|Any CPU
		{0647C5B0-E2E5-4B6F-AACB-46B438BB6C35}.Debug|ARM64.Build.0 = Debug|Any CPU
		{0647C5B0-E2E5-4B6F-AACB-46B438BB6C35}.Debug|x64.ActiveCfg = Debug|Any CPU
		{0647C5B0-E2E5-4B6F-AACB-46B438BB6C35}.Debug|x64.Build.0 = Debug|Any CPU
		{0647C5B0-E2E5-4B6F-AACB-46B438BB6C35}.Debug|x86.ActiveCfg = Debug|Any CPU
		{0647C5B0-E2E5-4B6F-AACB-46B438BB6C35}.Debug|x86.Build.0 = Debug|Any CPU
		{0647C5B0-E2E5-4B6F-AACB-46B438BB6C35}.Release|Any CPU.ActiveCfg = Release|Any CPU
		{0647C5B0-E2E5-4B6F-AACB-46B438BB6C35}.Release|Any CPU.Build.0 = Release|Any CPU
		{0647C5B0-E2E5-4B6F-AACB-46B438BB6C35}.Release|ARM.ActiveCfg = Release|Any CPU
		{0647C5B0-E2E5-4B6F-AACB-46B438BB6C35}.Release|ARM.Build.0 = Release|Any CPU
		{0647C5B0-E2E5-4B6F-AACB-46B438BB6C35}.Release|ARM64.ActiveCfg = Release|Any CPU
		{0647C5B0-E2E5-4B6F-AACB-46B438BB6C35}.Release|ARM64.Build.0 = Release|Any CPU
		{0647C5B0-E2E5-4B6F-AACB-46B438BB6C35}.Release|x64.ActiveCfg = Release|Any CPU
		{0647C5B0-E2E5-4B6F-AACB-46B438BB6C35}.Release|x64.Build.0 = Release|Any CPU
		{0647C5B0-E2E5-4B6F-AACB-46B438BB6C35}.Release|x86.ActiveCfg = Release|Any CPU
		{0647C5B0-E2E5-4B6F-AACB-46B438BB6C35}.Release|x86.Build.0 = Release|Any CPU
		{E290D86D-9D5F-4E29-86B7-547007BFBF76}.Debug|Any CPU.ActiveCfg = Debug|Any CPU
		{E290D86D-9D5F-4E29-86B7-547007BFBF76}.Debug|Any CPU.Build.0 = Debug|Any CPU
		{E290D86D-9D5F-4E29-86B7-547007BFBF76}.Debug|ARM.ActiveCfg = Debug|Any CPU
		{E290D86D-9D5F-4E29-86B7-547007BFBF76}.Debug|ARM.Build.0 = Debug|Any CPU
		{E290D86D-9D5F-4E29-86B7-547007BFBF76}.Debug|ARM64.ActiveCfg = Debug|Any CPU
		{E290D86D-9D5F-4E29-86B7-547007BFBF76}.Debug|ARM64.Build.0 = Debug|Any CPU
		{E290D86D-9D5F-4E29-86B7-547007BFBF76}.Debug|x64.ActiveCfg = Debug|Any CPU
		{E290D86D-9D5F-4E29-86B7-547007BFBF76}.Debug|x64.Build.0 = Debug|Any CPU
		{E290D86D-9D5F-4E29-86B7-547007BFBF76}.Debug|x86.ActiveCfg = Debug|Any CPU
		{E290D86D-9D5F-4E29-86B7-547007BFBF76}.Debug|x86.Build.0 = Debug|Any CPU
		{E290D86D-9D5F-4E29-86B7-547007BFBF76}.Release|Any CPU.ActiveCfg = Release|Any CPU
		{E290D86D-9D5F-4E29-86B7-547007BFBF76}.Release|Any CPU.Build.0 = Release|Any CPU
		{E290D86D-9D5F-4E29-86B7-547007BFBF76}.Release|ARM.ActiveCfg = Release|Any CPU
		{E290D86D-9D5F-4E29-86B7-547007BFBF76}.Release|ARM.Build.0 = Release|Any CPU
		{E290D86D-9D5F-4E29-86B7-547007BFBF76}.Release|ARM64.ActiveCfg = Release|Any CPU
		{E290D86D-9D5F-4E29-86B7-547007BFBF76}.Release|ARM64.Build.0 = Release|Any CPU
		{E290D86D-9D5F-4E29-86B7-547007BFBF76}.Release|x64.ActiveCfg = Release|Any CPU
		{E290D86D-9D5F-4E29-86B7-547007BFBF76}.Release|x64.Build.0 = Release|Any CPU
		{E290D86D-9D5F-4E29-86B7-547007BFBF76}.Release|x86.ActiveCfg = Release|Any CPU
		{E290D86D-9D5F-4E29-86B7-547007BFBF76}.Release|x86.Build.0 = Release|Any CPU
		{EB12D9C8-28E9-492E-875A-82269958CA74}.Debug|Any CPU.ActiveCfg = Debug|Any CPU
		{EB12D9C8-28E9-492E-875A-82269958CA74}.Debug|Any CPU.Build.0 = Debug|Any CPU
		{EB12D9C8-28E9-492E-875A-82269958CA74}.Debug|ARM.ActiveCfg = Debug|Any CPU
		{EB12D9C8-28E9-492E-875A-82269958CA74}.Debug|ARM.Build.0 = Debug|Any CPU
		{EB12D9C8-28E9-492E-875A-82269958CA74}.Debug|ARM64.ActiveCfg = Debug|Any CPU
		{EB12D9C8-28E9-492E-875A-82269958CA74}.Debug|ARM64.Build.0 = Debug|Any CPU
		{EB12D9C8-28E9-492E-875A-82269958CA74}.Debug|x64.ActiveCfg = Debug|Any CPU
		{EB12D9C8-28E9-492E-875A-82269958CA74}.Debug|x64.Build.0 = Debug|Any CPU
		{EB12D9C8-28E9-492E-875A-82269958CA74}.Debug|x86.ActiveCfg = Debug|Any CPU
		{EB12D9C8-28E9-492E-875A-82269958CA74}.Debug|x86.Build.0 = Debug|Any CPU
		{EB12D9C8-28E9-492E-875A-82269958CA74}.Release|Any CPU.ActiveCfg = Release|Any CPU
		{EB12D9C8-28E9-492E-875A-82269958CA74}.Release|Any CPU.Build.0 = Release|Any CPU
		{EB12D9C8-28E9-492E-875A-82269958CA74}.Release|ARM.ActiveCfg = Release|Any CPU
		{EB12D9C8-28E9-492E-875A-82269958CA74}.Release|ARM.Build.0 = Release|Any CPU
		{EB12D9C8-28E9-492E-875A-82269958CA74}.Release|ARM64.ActiveCfg = Release|Any CPU
		{EB12D9C8-28E9-492E-875A-82269958CA74}.Release|ARM64.Build.0 = Release|Any CPU
		{EB12D9C8-28E9-492E-875A-82269958CA74}.Release|x64.ActiveCfg = Release|Any CPU
		{EB12D9C8-28E9-492E-875A-82269958CA74}.Release|x64.Build.0 = Release|Any CPU
		{EB12D9C8-28E9-492E-875A-82269958CA74}.Release|x86.ActiveCfg = Release|Any CPU
		{EB12D9C8-28E9-492E-875A-82269958CA74}.Release|x86.Build.0 = Release|Any CPU
		{45D6B994-BA98-4920-82F8-AAE4581CEB2C}.Debug|Any CPU.ActiveCfg = Debug|Any CPU
		{45D6B994-BA98-4920-82F8-AAE4581CEB2C}.Debug|Any CPU.Build.0 = Debug|Any CPU
		{45D6B994-BA98-4920-82F8-AAE4581CEB2C}.Debug|ARM.ActiveCfg = Debug|Any CPU
		{45D6B994-BA98-4920-82F8-AAE4581CEB2C}.Debug|ARM.Build.0 = Debug|Any CPU
		{45D6B994-BA98-4920-82F8-AAE4581CEB2C}.Debug|ARM64.ActiveCfg = Debug|Any CPU
		{45D6B994-BA98-4920-82F8-AAE4581CEB2C}.Debug|ARM64.Build.0 = Debug|Any CPU
		{45D6B994-BA98-4920-82F8-AAE4581CEB2C}.Debug|x64.ActiveCfg = Debug|Any CPU
		{45D6B994-BA98-4920-82F8-AAE4581CEB2C}.Debug|x64.Build.0 = Debug|Any CPU
		{45D6B994-BA98-4920-82F8-AAE4581CEB2C}.Debug|x86.ActiveCfg = Debug|Any CPU
		{45D6B994-BA98-4920-82F8-AAE4581CEB2C}.Debug|x86.Build.0 = Debug|Any CPU
		{45D6B994-BA98-4920-82F8-AAE4581CEB2C}.Release|Any CPU.ActiveCfg = Release|Any CPU
		{45D6B994-BA98-4920-82F8-AAE4581CEB2C}.Release|Any CPU.Build.0 = Release|Any CPU
		{45D6B994-BA98-4920-82F8-AAE4581CEB2C}.Release|ARM.ActiveCfg = Release|Any CPU
		{45D6B994-BA98-4920-82F8-AAE4581CEB2C}.Release|ARM.Build.0 = Release|Any CPU
		{45D6B994-BA98-4920-82F8-AAE4581CEB2C}.Release|ARM64.ActiveCfg = Release|Any CPU
		{45D6B994-BA98-4920-82F8-AAE4581CEB2C}.Release|ARM64.Build.0 = Release|Any CPU
		{45D6B994-BA98-4920-82F8-AAE4581CEB2C}.Release|x64.ActiveCfg = Release|Any CPU
		{45D6B994-BA98-4920-82F8-AAE4581CEB2C}.Release|x64.Build.0 = Release|Any CPU
		{45D6B994-BA98-4920-82F8-AAE4581CEB2C}.Release|x86.ActiveCfg = Release|Any CPU
		{45D6B994-BA98-4920-82F8-AAE4581CEB2C}.Release|x86.Build.0 = Release|Any CPU
		{D6C97DB4-F2EF-41D5-BBEB-D14289649424}.Debug|Any CPU.ActiveCfg = Debug|Any CPU
		{D6C97DB4-F2EF-41D5-BBEB-D14289649424}.Debug|Any CPU.Build.0 = Debug|Any CPU
		{D6C97DB4-F2EF-41D5-BBEB-D14289649424}.Debug|ARM.ActiveCfg = Debug|Any CPU
		{D6C97DB4-F2EF-41D5-BBEB-D14289649424}.Debug|ARM.Build.0 = Debug|Any CPU
		{D6C97DB4-F2EF-41D5-BBEB-D14289649424}.Debug|ARM64.ActiveCfg = Debug|Any CPU
		{D6C97DB4-F2EF-41D5-BBEB-D14289649424}.Debug|ARM64.Build.0 = Debug|Any CPU
		{D6C97DB4-F2EF-41D5-BBEB-D14289649424}.Debug|x64.ActiveCfg = Debug|Any CPU
		{D6C97DB4-F2EF-41D5-BBEB-D14289649424}.Debug|x64.Build.0 = Debug|Any CPU
		{D6C97DB4-F2EF-41D5-BBEB-D14289649424}.Debug|x86.ActiveCfg = Debug|Any CPU
		{D6C97DB4-F2EF-41D5-BBEB-D14289649424}.Debug|x86.Build.0 = Debug|Any CPU
		{D6C97DB4-F2EF-41D5-BBEB-D14289649424}.Release|Any CPU.ActiveCfg = Release|Any CPU
		{D6C97DB4-F2EF-41D5-BBEB-D14289649424}.Release|Any CPU.Build.0 = Release|Any CPU
		{D6C97DB4-F2EF-41D5-BBEB-D14289649424}.Release|ARM.ActiveCfg = Release|Any CPU
		{D6C97DB4-F2EF-41D5-BBEB-D14289649424}.Release|ARM.Build.0 = Release|Any CPU
		{D6C97DB4-F2EF-41D5-BBEB-D14289649424}.Release|ARM64.ActiveCfg = Release|Any CPU
		{D6C97DB4-F2EF-41D5-BBEB-D14289649424}.Release|ARM64.Build.0 = Release|Any CPU
		{D6C97DB4-F2EF-41D5-BBEB-D14289649424}.Release|x64.ActiveCfg = Release|Any CPU
		{D6C97DB4-F2EF-41D5-BBEB-D14289649424}.Release|x64.Build.0 = Release|Any CPU
		{D6C97DB4-F2EF-41D5-BBEB-D14289649424}.Release|x86.ActiveCfg = Release|Any CPU
		{D6C97DB4-F2EF-41D5-BBEB-D14289649424}.Release|x86.Build.0 = Release|Any CPU
		{2D8B3FC8-993E-C656-439F-E4FEF5234A73}.Debug|Any CPU.ActiveCfg = Debug|Any CPU
		{2D8B3FC8-993E-C656-439F-E4FEF5234A73}.Debug|Any CPU.Build.0 = Debug|Any CPU
		{2D8B3FC8-993E-C656-439F-E4FEF5234A73}.Debug|ARM.ActiveCfg = Debug|Any CPU
		{2D8B3FC8-993E-C656-439F-E4FEF5234A73}.Debug|ARM.Build.0 = Debug|Any CPU
		{2D8B3FC8-993E-C656-439F-E4FEF5234A73}.Debug|ARM64.ActiveCfg = Debug|Any CPU
		{2D8B3FC8-993E-C656-439F-E4FEF5234A73}.Debug|ARM64.Build.0 = Debug|Any CPU
		{2D8B3FC8-993E-C656-439F-E4FEF5234A73}.Debug|x64.ActiveCfg = Debug|Any CPU
		{2D8B3FC8-993E-C656-439F-E4FEF5234A73}.Debug|x64.Build.0 = Debug|Any CPU
		{2D8B3FC8-993E-C656-439F-E4FEF5234A73}.Debug|x86.ActiveCfg = Debug|x86
		{2D8B3FC8-993E-C656-439F-E4FEF5234A73}.Debug|x86.Build.0 = Debug|x86
		{2D8B3FC8-993E-C656-439F-E4FEF5234A73}.Release|Any CPU.ActiveCfg = Release|Any CPU
		{2D8B3FC8-993E-C656-439F-E4FEF5234A73}.Release|Any CPU.Build.0 = Release|Any CPU
		{2D8B3FC8-993E-C656-439F-E4FEF5234A73}.Release|ARM.ActiveCfg = Release|Any CPU
		{2D8B3FC8-993E-C656-439F-E4FEF5234A73}.Release|ARM.Build.0 = Release|Any CPU
		{2D8B3FC8-993E-C656-439F-E4FEF5234A73}.Release|ARM64.ActiveCfg = Release|Any CPU
		{2D8B3FC8-993E-C656-439F-E4FEF5234A73}.Release|ARM64.Build.0 = Release|Any CPU
		{2D8B3FC8-993E-C656-439F-E4FEF5234A73}.Release|x64.ActiveCfg = Release|Any CPU
		{2D8B3FC8-993E-C656-439F-E4FEF5234A73}.Release|x64.Build.0 = Release|Any CPU
		{2D8B3FC8-993E-C656-439F-E4FEF5234A73}.Release|x86.ActiveCfg = Release|x86
		{2D8B3FC8-993E-C656-439F-E4FEF5234A73}.Release|x86.Build.0 = Release|x86
		{3FD1EC6F-D7D0-43A7-A74A-66F06318CAF4}.Debug|Any CPU.ActiveCfg = Debug|Any CPU
		{3FD1EC6F-D7D0-43A7-A74A-66F06318CAF4}.Debug|Any CPU.Build.0 = Debug|Any CPU
		{3FD1EC6F-D7D0-43A7-A74A-66F06318CAF4}.Debug|Any CPU.Deploy.0 = Debug|Any CPU
		{3FD1EC6F-D7D0-43A7-A74A-66F06318CAF4}.Debug|ARM.ActiveCfg = Debug|ARM
		{3FD1EC6F-D7D0-43A7-A74A-66F06318CAF4}.Debug|ARM.Build.0 = Debug|ARM
		{3FD1EC6F-D7D0-43A7-A74A-66F06318CAF4}.Debug|ARM.Deploy.0 = Debug|ARM
		{3FD1EC6F-D7D0-43A7-A74A-66F06318CAF4}.Debug|ARM64.ActiveCfg = Debug|ARM64
		{3FD1EC6F-D7D0-43A7-A74A-66F06318CAF4}.Debug|ARM64.Build.0 = Debug|ARM64
		{3FD1EC6F-D7D0-43A7-A74A-66F06318CAF4}.Debug|ARM64.Deploy.0 = Debug|ARM64
		{3FD1EC6F-D7D0-43A7-A74A-66F06318CAF4}.Debug|x64.ActiveCfg = Debug|x64
		{3FD1EC6F-D7D0-43A7-A74A-66F06318CAF4}.Debug|x64.Build.0 = Debug|x64
		{3FD1EC6F-D7D0-43A7-A74A-66F06318CAF4}.Debug|x64.Deploy.0 = Debug|x64
		{3FD1EC6F-D7D0-43A7-A74A-66F06318CAF4}.Debug|x86.ActiveCfg = Debug|x86
		{3FD1EC6F-D7D0-43A7-A74A-66F06318CAF4}.Debug|x86.Build.0 = Debug|x86
		{3FD1EC6F-D7D0-43A7-A74A-66F06318CAF4}.Debug|x86.Deploy.0 = Debug|x86
		{3FD1EC6F-D7D0-43A7-A74A-66F06318CAF4}.Release|Any CPU.ActiveCfg = Release|Any CPU
		{3FD1EC6F-D7D0-43A7-A74A-66F06318CAF4}.Release|Any CPU.Build.0 = Release|Any CPU
		{3FD1EC6F-D7D0-43A7-A74A-66F06318CAF4}.Release|Any CPU.Deploy.0 = Release|Any CPU
		{3FD1EC6F-D7D0-43A7-A74A-66F06318CAF4}.Release|ARM.ActiveCfg = Release|ARM
		{3FD1EC6F-D7D0-43A7-A74A-66F06318CAF4}.Release|ARM.Build.0 = Release|ARM
		{3FD1EC6F-D7D0-43A7-A74A-66F06318CAF4}.Release|ARM.Deploy.0 = Release|ARM
		{3FD1EC6F-D7D0-43A7-A74A-66F06318CAF4}.Release|ARM64.ActiveCfg = Release|ARM64
		{3FD1EC6F-D7D0-43A7-A74A-66F06318CAF4}.Release|ARM64.Build.0 = Release|ARM64
		{3FD1EC6F-D7D0-43A7-A74A-66F06318CAF4}.Release|ARM64.Deploy.0 = Release|ARM64
		{3FD1EC6F-D7D0-43A7-A74A-66F06318CAF4}.Release|x64.ActiveCfg = Release|x64
		{3FD1EC6F-D7D0-43A7-A74A-66F06318CAF4}.Release|x64.Build.0 = Release|x64
		{3FD1EC6F-D7D0-43A7-A74A-66F06318CAF4}.Release|x64.Deploy.0 = Release|x64
		{3FD1EC6F-D7D0-43A7-A74A-66F06318CAF4}.Release|x86.ActiveCfg = Release|x86
		{3FD1EC6F-D7D0-43A7-A74A-66F06318CAF4}.Release|x86.Build.0 = Release|x86
		{3FD1EC6F-D7D0-43A7-A74A-66F06318CAF4}.Release|x86.Deploy.0 = Release|x86
	EndGlobalSection
	GlobalSection(SolutionProperties) = preSolution
		HideSolutionNode = FALSE
	EndGlobalSection
	GlobalSection(NestedProjects) = preSolution
		{7A5FAEDC-CB59-4366-8C9A-2DF9F1E1ED7E} = {456C3C5D-1196-4D5E-87B9-01D168B8C52A}
		{03D35FBE-3A2F-41A2-AE32-12667680BA72} = {456C3C5D-1196-4D5E-87B9-01D168B8C52A}
		{3129062A-3B0B-44B9-8AB5-05766FD2D17D} = {456C3C5D-1196-4D5E-87B9-01D168B8C52A}
		{0647C5B0-E2E5-4B6F-AACB-46B438BB6C35} = {456C3C5D-1196-4D5E-87B9-01D168B8C52A}
		{E290D86D-9D5F-4E29-86B7-547007BFBF76} = {456C3C5D-1196-4D5E-87B9-01D168B8C52A}
		{EB12D9C8-28E9-492E-875A-82269958CA74} = {456C3C5D-1196-4D5E-87B9-01D168B8C52A}
		{45D6B994-BA98-4920-82F8-AAE4581CEB2C} = {456C3C5D-1196-4D5E-87B9-01D168B8C52A}
		{D6C97DB4-F2EF-41D5-BBEB-D14289649424} = {456C3C5D-1196-4D5E-87B9-01D168B8C52A}
		{2D8B3FC8-993E-C656-439F-E4FEF5234A73} = {993E3CF1-5553-4D80-A86B-C12A3B6EC937}
	EndGlobalSection
	GlobalSection(ExtensibilityGlobals) = postSolution
		SolutionGuid = {580647D7-D273-4B27-9657-356B345C97BC}
	EndGlobalSection
EndGlobal
